{
  "requires": true,
  "lockfileVersion": 1,
  "dependencies": {
    "@grapecity/spread-excelio": {
      "version": "14.0.10",
      "resolved": "https://registry.npmjs.org/@grapecity/spread-excelio/-/spread-excelio-14.0.10.tgz",
      "integrity": "sha512-LinwRBrnngaQAf0h/K1HfwSAIq6oFhPHfUrz6SK0f+OvrJg0xWF2maI/huZ+k+iugklnDraJ9zCTR8+WxNTU4w==",
      "requires": {
        "@grapecity/spread-sheets": "14.0.10"
      }
    },
    "@grapecity/spread-sheets": {
      "version": "14.0.10",
      "resolved": "https://registry.npmjs.org/@grapecity/spread-sheets/-/spread-sheets-14.0.10.tgz",
      "integrity": "sha512-89APELkerFzLuVy/SfB8I6eHPN8ithEsE52CE4lzwFgN67fyrS1Upaied4c+cFAZ7YLLGNzO03LYnSZpEwDuQw=="
    },
    "jquery": {
      "version": "3.6.0",
      "resolved": "https://registry.npmjs.org/jquery/-/jquery-3.6.0.tgz",
      "integrity": "sha512-JVzAR/AjBvVt2BmYhxRCSYysDsPcssdmTFnzyLEts9qNwmjmu4JTAMYubEfwVOSwpQ1I1sKKFcxhZCI2buerfw=="
    }
  }
}
