{
  "name": "smart-attendance",
  "version": "1.0.0",
  "lockfileVersion": 1,
  "requires": true,
  "dependencies": {
    "ci": {
      "version": "2.1.1",
      "resolved": "https://registry.npmjs.org/ci/-/ci-2.1.1.tgz",
      "integrity": "sha512-StBCU1G9zbhgVBqvslvOpT601zme9YfyZaUSjgXCtfnIynPuDBHX85WwnXv5cnh74bYo8S3xfPpI41yk1jZmRw=="
    }
  }
}
